
Microsoft Visual Studio Solution File, Format Version 12.00
# Visual Studio 15
VisualStudioVersion = 15.0.27703.2018
MinimumVisualStudioVersion = 10.0.40219.1
Project("{FAE04EC0-301F-11D3-BF4B-00C04F79EFBC}") = "DummyApi", "DummyApi\DummyApi.csproj", "{5F3FA3D5-CD93-4F06-BB9C-BD713874DCF2}"
EndProject
Project("{E53339B2-1760-4266-BCC7-CA923CBCF16C}") = "docker-compose", "docker-compose.dcproj", "{BB5908CB-0233-4C8B-9138-D8C3138ECCA5}"
EndProject
Global
	GlobalSection(SolutionConfigurationPlatforms) = preSolution
		Debug|Any CPU = Debug|Any CPU
		Release|Any CPU = Release|Any CPU
	EndGlobalSection
	GlobalSection(ProjectConfigurationPlatforms) = postSolution
		{5F3FA3D5-CD93-4F06-BB9C-BD713874DCF2}.Debug|Any CPU.ActiveCfg = Debug|Any CPU
		{5F3FA3D5-CD93-4F06-BB9C-BD713874DCF2}.Debug|Any CPU.Build.0 = Debug|Any CPU
		{5F3FA3D5-CD93-4F06-BB9C-BD713874DCF2}.Release|Any CPU.ActiveCfg = Release|Any CPU
		{5F3FA3D5-CD93-4F06-BB9C-BD713874DCF2}.Release|Any CPU.Build.0 = Release|Any CPU
		{BB5908CB-0233-4C8B-9138-D8C3138ECCA5}.Debug|Any CPU.ActiveCfg = Debug|Any CPU
		{BB5908CB-0233-4C8B-9138-D8C3138ECCA5}.Debug|Any CPU.Build.0 = Debug|Any CPU
		{BB5908CB-0233-4C8B-9138-D8C3138ECCA5}.Release|Any CPU.ActiveCfg = Release|Any CPU
		{BB5908CB-0233-4C8B-9138-D8C3138ECCA5}.Release|Any CPU.Build.0 = Release|Any CPU
	EndGlobalSection
	GlobalSection(SolutionProperties) = preSolution
		HideSolutionNode = FALSE
	EndGlobalSection
	GlobalSection(ExtensibilityGlobals) = postSolution
		SolutionGuid = {3DD34A01-9DE6-47A2-AA9A-082178D95902}
	EndGlobalSection
EndGlobal
